// !$*UTF8*$!
{
	archiveVersion = 1;
	classes = {
	};
	objectVersion = 51;
	objects = {

/* Begin PBXBuildFile section */
		08E0E9FCF071AD1EAACDD6CC /* Pods_internship_swift.framework in Frameworks */ = {isa = PBXBuildFile; fileRef = 84CE139C60375AF5E32F725A /* Pods_internship_swift.framework */; };
		A806FD382626210C0076B879 /* ItemImage.swift in Sources */ = {isa = PBXBuildFile; fileRef = A806FD372626210C0076B879 /* ItemImage.swift */; };
		A870971E26173F96002FE572 /* internship_swiftApp.swift in Sources */ = {isa = PBXBuildFile; fileRef = A870971D26173F96002FE572 /* internship_swiftApp.swift */; };
		A870972026173F96002FE572 /* ContentView.swift in Sources */ = {isa = PBXBuildFile; fileRef = A870971F26173F96002FE572 /* ContentView.swift */; };
		A870972226173F97002FE572 /* Assets.xcassets in Resources */ = {isa = PBXBuildFile; fileRef = A870972126173F97002FE572 /* Assets.xcassets */; };
		A870972526173F97002FE572 /* Preview Assets.xcassets in Resources */ = {isa = PBXBuildFile; fileRef = A870972426173F97002FE572 /* Preview Assets.xcassets */; };
		A870972E261DE9C2002FE572 /* ItemModel.swift in Sources */ = {isa = PBXBuildFile; fileRef = A870972D261DE9C2002FE572 /* ItemModel.swift */; };
		A8709733261F3913002FE572 /* DetailView.swift in Sources */ = {isa = PBXBuildFile; fileRef = A8709732261F3913002FE572 /* DetailView.swift */; };
		A89C97662634879800320831 /* BackgroundView.swift in Sources */ = {isa = PBXBuildFile; fileRef = A89C97652634879800320831 /* BackgroundView.swift */; };
		A89C97692634C53E00320831 /* GoogleService-Info.plist in Resources */ = {isa = PBXBuildFile; fileRef = A89C97682634C53E00320831 /* GoogleService-Info.plist */; };
		A8D05ED22634CB1700F77849 /* AppDelegate.swift in Sources */ = {isa = PBXBuildFile; fileRef = A8D05ED12634CB1700F77849 /* AppDelegate.swift */; };
/* End PBXBuildFile section */

/* Begin PBXFileReference section */
		47567AA601A254FBC0D2D48F /* Pods-internship-swift.release.xcconfig */ = {isa = PBXFileReference; includeInIndex = 1; lastKnownFileType = text.xcconfig; name = "Pods-internship-swift.release.xcconfig"; path = "Target Support Files/Pods-internship-swift/Pods-internship-swift.release.xcconfig"; sourceTree = "<group>"; };
		84CE139C60375AF5E32F725A /* Pods_internship_swift.framework */ = {isa = PBXFileReference; explicitFileType = wrapper.framework; includeInIndex = 0; path = Pods_internship_swift.framework; sourceTree = BUILT_PRODUCTS_DIR; };
		A014360E9B536A754714BF19 /* Pods-internship-swift.debug.xcconfig */ = {isa = PBXFileReference; includeInIndex = 1; lastKnownFileType = text.xcconfig; name = "Pods-internship-swift.debug.xcconfig"; path = "Target Support Files/Pods-internship-swift/Pods-internship-swift.debug.xcconfig"; sourceTree = "<group>"; };
		A806FD372626210C0076B879 /* ItemImage.swift */ = {isa = PBXFileReference; lastKnownFileType = sourcecode.swift; path = ItemImage.swift; sourceTree = "<group>"; };
		A870971A26173F96002FE572 /* internship-swift.app */ = {isa = PBXFileReference; explicitFileType = wrapper.application; includeInIndex = 0; path = "internship-swift.app"; sourceTree = BUILT_PRODUCTS_DIR; };
		A870971D26173F96002FE572 /* internship_swiftApp.swift */ = {isa = PBXFileReference; lastKnownFileType = sourcecode.swift; path = internship_swiftApp.swift; sourceTree = "<group>"; };
		A870971F26173F96002FE572 /* ContentView.swift */ = {isa = PBXFileReference; lastKnownFileType = sourcecode.swift; path = ContentView.swift; sourceTree = "<group>"; };
		A870972126173F97002FE572 /* Assets.xcassets */ = {isa = PBXFileReference; lastKnownFileType = folder.assetcatalog; path = Assets.xcassets; sourceTree = "<group>"; };
		A870972426173F97002FE572 /* Preview Assets.xcassets */ = {isa = PBXFileReference; lastKnownFileType = folder.assetcatalog; path = "Preview Assets.xcassets"; sourceTree = "<group>"; };
		A870972626173F97002FE572 /* Info.plist */ = {isa = PBXFileReference; lastKnownFileType = text.plist.xml; path = Info.plist; sourceTree = "<group>"; };
		A870972D261DE9C2002FE572 /* ItemModel.swift */ = {isa = PBXFileReference; lastKnownFileType = sourcecode.swift; path = ItemModel.swift; sourceTree = "<group>"; };
		A8709732261F3913002FE572 /* DetailView.swift */ = {isa = PBXFileReference; lastKnownFileType = sourcecode.swift; path = DetailView.swift; sourceTree = "<group>"; };
		A89C97652634879800320831 /* BackgroundView.swift */ = {isa = PBXFileReference; lastKnownFileType = sourcecode.swift; path = BackgroundView.swift; sourceTree = "<group>"; };
		A89C97682634C53E00320831 /* GoogleService-Info.plist */ = {isa = PBXFileReference; fileEncoding = 4; lastKnownFileType = text.plist.xml; path = "GoogleService-Info.plist"; sourceTree = "<group>"; };
		A8D05ED12634CB1700F77849 /* AppDelegate.swift */ = {isa = PBXFileReference; lastKnownFileType = sourcecode.swift; path = AppDelegate.swift; sourceTree = "<group>"; };
/* End PBXFileReference section */

/* Begin PBXFrameworksBuildPhase section */
		A870971726173F96002FE572 /* Frameworks */ = {
			isa = PBXFrameworksBuildPhase;
			buildActionMask = 2147483647;
			files = (
				08E0E9FCF071AD1EAACDD6CC /* Pods_internship_swift.framework in Frameworks */,
			);
			runOnlyForDeploymentPostprocessing = 0;
		};
/* End PBXFrameworksBuildPhase section */

/* Begin PBXGroup section */
		1D8B48938ADCA01F7DA072E8 /* Frameworks */ = {
			isa = PBXGroup;
			children = (
				84CE139C60375AF5E32F725A /* Pods_internship_swift.framework */,
			);
			name = Frameworks;
			sourceTree = "<group>";
		};
		4F854B8482AFA06B321A42DE /* Pods */ = {
			isa = PBXGroup;
			children = (
				A014360E9B536A754714BF19 /* Pods-internship-swift.debug.xcconfig */,
				47567AA601A254FBC0D2D48F /* Pods-internship-swift.release.xcconfig */,
			);
			path = Pods;
			sourceTree = "<group>";
		};
		A870971126173F96002FE572 = {
			isa = PBXGroup;
			children = (
				A870971C26173F96002FE572 /* internship-swift */,
				A870971B26173F96002FE572 /* Products */,
				4F854B8482AFA06B321A42DE /* Pods */,
				1D8B48938ADCA01F7DA072E8 /* Frameworks */,
			);
			sourceTree = "<group>";
		};
		A870971B26173F96002FE572 /* Products */ = {
			isa = PBXGroup;
			children = (
				A870971A26173F96002FE572 /* internship-swift.app */,
			);
			name = Products;
			sourceTree = "<group>";
		};
		A870971C26173F96002FE572 /* internship-swift */ = {
			isa = PBXGroup;
			children = (
				A89C97682634C53E00320831 /* GoogleService-Info.plist */,
				A8709731261F38E0002FE572 /* Views */,
				A8709730261F38D5002FE572 /* Models */,
				A870971D26173F96002FE572 /* internship_swiftApp.swift */,
				A870972126173F97002FE572 /* Assets.xcassets */,
				A870972626173F97002FE572 /* Info.plist */,
				A870972326173F97002FE572 /* Preview Content */,
				A8D05ED12634CB1700F77849 /* AppDelegate.swift */,
			);
			path = "internship-swift";
			sourceTree = "<group>";
		};
		A870972326173F97002FE572 /* Preview Content */ = {
			isa = PBXGroup;
			children = (
				A870972426173F97002FE572 /* Preview Assets.xcassets */,
			);
			path = "Preview Content";
			sourceTree = "<group>";
		};
		A8709730261F38D5002FE572 /* Models */ = {
			isa = PBXGroup;
			children = (
				A870972D261DE9C2002FE572 /* ItemModel.swift */,
			);
			path = Models;
			sourceTree = "<group>";
		};
		A8709731261F38E0002FE572 /* Views */ = {
			isa = PBXGroup;
			children = (
				A870971F26173F96002FE572 /* ContentView.swift */,
				A8709732261F3913002FE572 /* DetailView.swift */,
				A806FD372626210C0076B879 /* ItemImage.swift */,
				A89C97652634879800320831 /* BackgroundView.swift */,
			);
			path = Views;
			sourceTree = "<group>";
		};
/* End PBXGroup section */

/* Begin PBXNativeTarget section */
		A870971926173F96002FE572 /* internship-swift */ = {
			isa = PBXNativeTarget;
			buildConfigurationList = A870972926173F97002FE572 /* Build configuration list for PBXNativeTarget "internship-swift" */;
			buildPhases = (
				EBF84BD4BADC7E8274A01A3E /* [CP] Check Pods Manifest.lock */,
				A870971626173F96002FE572 /* Sources */,
				A870971726173F96002FE572 /* Frameworks */,
				A870971826173F96002FE572 /* Resources */,
				A4750D2A009F276A3F6C25CC /* [CP] Embed Pods Frameworks */,
			);
			buildRules = (
			);
			dependencies = (
			);
			name = "internship-swift";
			productName = "internship-swift";
			productReference = A870971A26173F96002FE572 /* internship-swift.app */;
			productType = "com.apple.product-type.application";
		};
/* End PBXNativeTarget section */

/* Begin PBXProject section */
		A870971226173F96002FE572 /* Project object */ = {
			isa = PBXProject;
			attributes = {
				LastSwiftUpdateCheck = 1240;
				LastUpgradeCheck = 1240;
				TargetAttributes = {
					A870971926173F96002FE572 = {
						CreatedOnToolsVersion = 12.4;
					};
				};
			};
			buildConfigurationList = A870971526173F96002FE572 /* Build configuration list for PBXProject "internship-swift" */;
			compatibilityVersion = "Xcode 9.3";
			developmentRegion = en;
			hasScannedForEncodings = 0;
			knownRegions = (
				en,
				Base,
			);
			mainGroup = A870971126173F96002FE572;
			productRefGroup = A870971B26173F96002FE572 /* Products */;
			projectDirPath = "";
			projectRoot = "";
			targets = (
				A870971926173F96002FE572 /* internship-swift */,
			);
		};
/* End PBXProject section */

/* Begin PBXResourcesBuildPhase section */
		A870971826173F96002FE572 /* Resources */ = {
			isa = PBXResourcesBuildPhase;
			buildActionMask = 2147483647;
			files = (
				A870972526173F97002FE572 /* Preview Assets.xcassets in Resources */,
				A870972226173F97002FE572 /* Assets.xcassets in Resources */,
				A89C97692634C53E00320831 /* GoogleService-Info.plist in Resources */,
			);
			runOnlyForDeploymentPostprocessing = 0;
		};
/* End PBXResourcesBuildPhase section */

/* Begin PBXShellScriptBuildPhase section */
		A4750D2A009F276A3F6C25CC /* [CP] Embed Pods Frameworks */ = {
			isa = PBXShellScriptBuildPhase;
			buildActionMask = 2147483647;
			files = (
			);
			inputFileListPaths = (
				"${PODS_ROOT}/Target Support Files/Pods-internship-swift/Pods-internship-swift-frameworks-${CONFIGURATION}-input-files.xcfilelist",
			);
			name = "[CP] Embed Pods Frameworks";
			outputFileListPaths = (
				"${PODS_ROOT}/Target Support Files/Pods-internship-swift/Pods-internship-swift-frameworks-${CONFIGURATION}-output-files.xcfilelist",
			);
			runOnlyForDeploymentPostprocessing = 0;
			shellPath = /bin/sh;
			shellScript = "\"${PODS_ROOT}/Target Support Files/Pods-internship-swift/Pods-internship-swift-frameworks.sh\"\n";
			showEnvVarsInLog = 0;
		};
		EBF84BD4BADC7E8274A01A3E /* [CP] Check Pods Manifest.lock */ = {
			isa = PBXShellScriptBuildPhase;
			buildActionMask = 2147483647;
			files = (
			);
			inputFileListPaths = (
			);
			inputPaths = (
				"${PODS_PODFILE_DIR_PATH}/Podfile.lock",
				"${PODS_ROOT}/Manifest.lock",
			);
			name = "[CP] Check Pods Manifest.lock";
			outputFileListPaths = (
			);
			outputPaths = (
				"$(DERIVED_FILE_DIR)/Pods-internship-swift-checkManifestLockResult.txt",
			);
			runOnlyForDeploymentPostprocessing = 0;
			shellPath = /bin/sh;
			shellScript = "diff \"${PODS_PODFILE_DIR_PATH}/Podfile.lock\" \"${PODS_ROOT}/Manifest.lock\" > /dev/null\nif [ $? != 0 ] ; then\n    # print error to STDERR\n    echo \"error: The sandbox is not in sync with the Podfile.lock. Run 'pod install' or update your CocoaPods installation.\" >&2\n    exit 1\nfi\n# This output is used by Xcode 'outputs' to avoid re-running this script phase.\necho \"SUCCESS\" > \"${SCRIPT_OUTPUT_FILE_0}\"\n";
			showEnvVarsInLog = 0;
		};
/* End PBXShellScriptBuildPhase section */

/* Begin PBXSourcesBuildPhase section */
		A870971626173F96002FE572 /* Sources */ = {
			isa = PBXSourcesBuildPhase;
			buildActionMask = 2147483647;
			files = (
				A89C97662634879800320831 /* BackgroundView.swift in Sources */,
				A870972E261DE9C2002FE572 /* ItemModel.swift in Sources */,
				A8709733261F3913002FE572 /* DetailView.swift in Sources */,
				A806FD382626210C0076B879 /* ItemImage.swift in Sources */,
				A8D05ED22634CB1700F77849 /* AppDelegate.swift in Sources */,
				A870972026173F96002FE572 /* ContentView.swift in Sources */,
				A870971E26173F96002FE572 /* internship_swiftApp.swift in Sources */,
			);
			runOnlyForDeploymentPostprocessing = 0;
		};
/* End PBXSourcesBuildPhase section */

/* Begin XCBuildConfiguration section */
		A870972726173F97002FE572 /* Debug */ = {
			isa = XCBuildConfiguration;
			buildSettings = {
				ALWAYS_SEARCH_USER_PATHS = NO;
				CLANG_ANALYZER_NONNULL = YES;
				CLANG_ANALYZER_NUMBER_OBJECT_CONVERSION = YES_AGGRESSIVE;
				CLANG_CXX_LANGUAGE_STANDARD = "gnu++14";
				CLANG_CXX_LIBRARY = "libc++";
				CLANG_ENABLE_MODULES = YES;
				CLANG_ENABLE_OBJC_ARC = YES;
				CLANG_ENABLE_OBJC_WEAK = YES;
				CLANG_WARN_BLOCK_CAPTURE_AUTORELEASING = YES;
				CLANG_WARN_BOOL_CONVERSION = YES;
				CLANG_WARN_COMMA = YES;
				CLANG_WARN_CONSTANT_CONVERSION = YES;
				CLANG_WARN_DEPRECATED_OBJC_IMPLEMENTATIONS = YES;
				CLANG_WARN_DIRECT_OBJC_ISA_USAGE = YES_ERROR;
				CLANG_WARN_DOCUMENTATION_COMMENTS = YES;
				CLANG_WARN_EMPTY_BODY = YES;
				CLANG_WARN_ENUM_CONVERSION = YES;
				CLANG_WARN_INFINITE_RECURSION = YES;
				CLANG_WARN_INT_CONVERSION = YES;
				CLANG_WARN_NON_LITERAL_NULL_CONVERSION = YES;
				CLANG_WARN_OBJC_IMPLICIT_RETAIN_SELF = YES;
				CLANG_WARN_OBJC_LITERAL_CONVERSION = YES;
				CLANG_WARN_OBJC_ROOT_CLASS = YES_ERROR;
				CLANG_WARN_QUOTED_INCLUDE_IN_FRAMEWORK_HEADER = YES;
				CLANG_WARN_RANGE_LOOP_ANALYSIS = YES;
				CLANG_WARN_STRICT_PROTOTYPES = YES;
				CLANG_WARN_SUSPICIOUS_MOVE = YES;
				CLANG_WARN_UNGUARDED_AVAILABILITY = YES_AGGRESSIVE;
				CLANG_WARN_UNREACHABLE_CODE = YES;
				CLANG_WARN__DUPLICATE_METHOD_MATCH = YES;
				COPY_PHASE_STRIP = NO;
				DEBUG_INFORMATION_FORMAT = dwarf;
				ENABLE_STRICT_OBJC_MSGSEND = YES;
				ENABLE_TESTABILITY = YES;
				GCC_C_LANGUAGE_STANDARD = gnu11;
				GCC_DYNAMIC_NO_PIC = NO;
				GCC_NO_COMMON_BLOCKS = YES;
				GCC_OPTIMIZATION_LEVEL = 0;
				GCC_PREPROCESSOR_DEFINITIONS = (
					"DEBUG=1",
					"$(inherited)",
				);
				GCC_WARN_64_TO_32_BIT_CONVERSION = YES;
				GCC_WARN_ABOUT_RETURN_TYPE = YES_ERROR;
				GCC_WARN_UNDECLARED_SELECTOR = YES;
				GCC_WARN_UNINITIALIZED_AUTOS = YES_AGGRESSIVE;
				GCC_WARN_UNUSED_FUNCTION = YES;
				GCC_WARN_UNUSED_VARIABLE = YES;
				IPHONEOS_DEPLOYMENT_TARGET = 14.4;
				MTL_ENABLE_DEBUG_INFO = INCLUDE_SOURCE;
				MTL_FAST_MATH = YES;
				ONLY_ACTIVE_ARCH = YES;
				SDKROOT = iphoneos;
				SWIFT_ACTIVE_COMPILATION_CONDITIONS = DEBUG;
				SWIFT_OPTIMIZATION_LEVEL = "-Onone";
			};
			name = Debug;
		};
		A870972826173F97002FE572 /* Release */ = {
			isa = XCBuildConfiguration;
			buildSettings = {
				ALWAYS_SEARCH_USER_PATHS = NO;
				CLANG_ANALYZER_NONNULL = YES;
				CLANG_ANALYZER_NUMBER_OBJECT_CONVERSION = YES_AGGRESSIVE;
				CLANG_CXX_LANGUAGE_STANDARD = "gnu++14";
				CLANG_CXX_LIBRARY = "libc++";
				CLANG_ENABLE_MODULES = YES;
				CLANG_ENABLE_OBJC_ARC = YES;
				CLANG_ENABLE_OBJC_WEAK = YES;
				CLANG_WARN_BLOCK_CAPTURE_AUTORELEASING = YES;
				CLANG_WARN_BOOL_CONVERSION = YES;
				CLANG_WARN_COMMA = YES;
				CLANG_WARN_CONSTANT_CONVERSION = YES;
				CLANG_WARN_DEPRECATED_OBJC_IMPLEMENTATIONS = YES;
				CLANG_WARN_DIRECT_OBJC_ISA_USAGE = YES_ERROR;
				CLANG_WARN_DOCUMENTATION_COMMENTS = YES;
				CLANG_WARN_EMPTY_BODY = YES;
				CLANG_WARN_ENUM_CONVERSION = YES;
				CLANG_WARN_INFINITE_RECURSION = YES;
				CLANG_WARN_INT_CONVERSION = YES;
				CLANG_WARN_NON_LITERAL_NULL_CONVERSION = YES;
				CLANG_WARN_OBJC_IMPLICIT_RETAIN_SELF = YES;
				CLANG_WARN_OBJC_LITERAL_CONVERSION = YES;
				CLANG_WARN_OBJC_ROOT_CLASS = YES_ERROR;
				CLANG_WARN_QUOTED_INCLUDE_IN_FRAMEWORK_HEADER = YES;
				CLANG_WARN_RANGE_LOOP_ANALYSIS = YES;
				CLANG_WARN_STRICT_PROTOTYPES = YES;
				CLANG_WARN_SUSPICIOUS_MOVE = YES;
				CLANG_WARN_UNGUARDED_AVAILABILITY = YES_AGGRESSIVE;
				CLANG_WARN_UNREACHABLE_CODE = YES;
				CLANG_WARN__DUPLICATE_METHOD_MATCH = YES;
				COPY_PHASE_STRIP = NO;
				DEBUG_INFORMATION_FORMAT = "dwarf-with-dsym";
				ENABLE_NS_ASSERTIONS = NO;
				ENABLE_STRICT_OBJC_MSGSEND = YES;
				GCC_C_LANGUAGE_STANDARD = gnu11;
				GCC_NO_COMMON_BLOCKS = YES;
				GCC_WARN_64_TO_32_BIT_CONVERSION = YES;
				GCC_WARN_ABOUT_RETURN_TYPE = YES_ERROR;
				GCC_WARN_UNDECLARED_SELECTOR = YES;
				GCC_WARN_UNINITIALIZED_AUTOS = YES_AGGRESSIVE;
				GCC_WARN_UNUSED_FUNCTION = YES;
				GCC_WARN_UNUSED_VARIABLE = YES;
				IPHONEOS_DEPLOYMENT_TARGET = 14.4;
				MTL_ENABLE_DEBUG_INFO = NO;
				MTL_FAST_MATH = YES;
				SDKROOT = iphoneos;
				SWIFT_COMPILATION_MODE = wholemodule;
				SWIFT_OPTIMIZATION_LEVEL = "-O";
				VALIDATE_PRODUCT = YES;
			};
			name = Release;
		};
		A870972A26173F97002FE572 /* Debug */ = {
			isa = XCBuildConfiguration;
			baseConfigurationReference = A014360E9B536A754714BF19 /* Pods-internship-swift.debug.xcconfig */;
			buildSettings = {
				ASSETCATALOG_COMPILER_APPICON_NAME = AppIcon;
				ASSETCATALOG_COMPILER_GLOBAL_ACCENT_COLOR_NAME = AccentColor;
				CODE_SIGN_STYLE = Automatic;
				DEVELOPMENT_ASSET_PATHS = "\"internship-swift/Preview Content\"";
				ENABLE_PREVIEWS = YES;
				INFOPLIST_FILE = "internship-swift/Info.plist";
				IPHONEOS_DEPLOYMENT_TARGET = 14.0;
				LD_RUNPATH_SEARCH_PATHS = (
					"$(inherited)",
					"@executable_path/Frameworks",
				);
				PRODUCT_BUNDLE_IDENTIFIER = "com.remotemode.internship-swift";
				PRODUCT_NAME = "$(TARGET_NAME)";
				SWIFT_VERSION = 5.0;
				TARGETED_DEVICE_FAMILY = "1,2";
			};
			name = Debug;
		};
		A870972B26173F97002FE572 /* Release */ = {
			isa = XCBuildConfiguration;
			baseConfigurationReference = 47567AA601A254FBC0D2D48F /* Pods-internship-swift.release.xcconfig */;
			buildSettings = {
				ASSETCATALOG_COMPILER_APPICON_NAME = AppIcon;
				ASSETCATALOG_COMPILER_GLOBAL_ACCENT_COLOR_NAME = AccentColor;
				CODE_SIGN_STYLE = Automatic;
				DEVELOPMENT_ASSET_PATHS = "\"internship-swift/Preview Content\"";
				ENABLE_PREVIEWS = YES;
				INFOPLIST_FILE = "internship-swift/Info.plist";
				IPHONEOS_DEPLOYMENT_TARGET = 14.0;
				LD_RUNPATH_SEARCH_PATHS = (
					"$(inherited)",
					"@executable_path/Frameworks",
				);
				PRODUCT_BUNDLE_IDENTIFIER = "com.remotemode.internship-swift";
				PRODUCT_NAME = "$(TARGET_NAME)";
				SWIFT_VERSION = 5.0;
				TARGETED_DEVICE_FAMILY = "1,2";
			};
			name = Release;
		};
/* End XCBuildConfiguration section */

/* Begin XCConfigurationList section */
		A870971526173F96002FE572 /* Build configuration list for PBXProject "internship-swift" */ = {
			isa = XCConfigurationList;
			buildConfigurations = (
				A870972726173F97002FE572 /* Debug */,
				A870972826173F97002FE572 /* Release */,
			);
			defaultConfigurationIsVisible = 0;
			defaultConfigurationName = Release;
		};
		A870972926173F97002FE572 /* Build configuration list for PBXNativeTarget "internship-swift" */ = {
			isa = XCConfigurationList;
			buildConfigurations = (
				A870972A26173F97002FE572 /* Debug */,
				A870972B26173F97002FE572 /* Release */,
			);
			defaultConfigurationIsVisible = 0;
			defaultConfigurationName = Release;
		};
/* End XCConfigurationList section */
	};
	rootObject = A870971226173F96002FE572 /* Project object */;
}
